
Microsoft Visual Studio Solution File, Format Version 12.00
# Visual Studio Version 16
VisualStudioVersion = 16.0.30413.136
MinimumVisualStudioVersion = 10.0.40219.1
Project("{FAE04EC0-301F-11D3-BF4B-00C04F79EFBC}") = "SampleApp", "SampleApp.csproj", "{9CF841A3-6FAE-4187-81A7-CB98DBF02ECE}"
EndProject
Global
	GlobalSection(SolutionConfigurationPlatforms) = preSolution
		Debug|Any CPU = Debug|Any CPU
		Release|Any CPU = Release|Any CPU
	EndGlobalSection
	GlobalSection(ProjectConfigurationPlatforms) = postSolution
		{9CF841A3-6FAE-4187-81A7-CB98DBF02ECE}.Debug|Any CPU.ActiveCfg = Debug|Any CPU
		{9CF841A3-6FAE-4187-81A7-CB98DBF02ECE}.Debug|Any CPU.Build.0 = Debug|Any CPU
		{9CF841A3-6FAE-4187-81A7-CB98DBF02ECE}.Release|Any CPU.ActiveCfg = Release|Any CPU
		{9CF841A3-6FAE-4187-81A7-CB98DBF02ECE}.Release|Any CPU.Build.0 = Release|Any CPU
	EndGlobalSection
	GlobalSection(SolutionProperties) = preSolution
		HideSolutionNode = FALSE
	EndGlobalSection
	GlobalSection(ExtensibilityGlobals) = postSolution
		SolutionGuid = {692D3F10-B382-4FFE-A63C-876AEAFD1EB7}
	EndGlobalSection
EndGlobal
